
Microsoft Visual Studio Solution File, Format Version 12.00
# Visual Studio Version 16
VisualStudioVersion = 16.0.30413.136
MinimumVisualStudioVersion = 10.0.40219.1
Project("{9A19103F-16F7-4668-BE54-9A1E7A4F7556}") = "gpconnect-appointment-checker", "gpconnect-appointment-checker\gpconnect-appointment-checker.csproj", "{299D7E01-5B75-4934-AE9E-260DD25BA417}"
EndProject
Project("{9A19103F-16F7-4668-BE54-9A1E7A4F7556}") = "gpconnect-appointment-checker.DAL", "gpconnect-appointment-checker.DAL\gpconnect-appointment-checker.DAL.csproj", "{DB4B75B3-0E56-4107-900E-36FDC152F07D}"
EndProject
Project("{9A19103F-16F7-4668-BE54-9A1E7A4F7556}") = "gpconnect-appointment-checker.SDS", "gpconnect-appointment-checker.SDS\gpconnect-appointment-checker.SDS.csproj", "{4FEEF429-1CC0-473B-ADAC-78C7AD899400}"
EndProject
Project("{9A19103F-16F7-4668-BE54-9A1E7A4F7556}") = "gpconnect-appointment-checker.GPConnect", "gpconnect-appointment-checker.GPConnect\gpconnect-appointment-checker.GPConnect.csproj", "{B83450E1-34BB-490F-9F80-9EB32D23326A}"
EndProject
Project("{9A19103F-16F7-4668-BE54-9A1E7A4F7556}") = "gpconnect-appointment-checker.DTO", "gpconnect-appointment-checker.DTO\gpconnect-appointment-checker.DTO.csproj", "{07753BB6-A591-4B92-BAD0-6467C8F241D4}"
EndProject
Project("{2150E333-8FDC-42A3-9474-1A3956D46DE8}") = "Tests", "Tests", "{1CF9EC71-48D2-4F5F-BF42-AA89113AB41D}"
EndProject
Project("{9A19103F-16F7-4668-BE54-9A1E7A4F7556}") = "gpconnect-appointment-checker.AWSLambda", "gpconnect-appointment-checker.AWSLambda\gpconnect-appointment-checker.AWSLambda.csproj", "{CE1B3B35-BD8A-4E1B-B40D-A9A9CA2F314C}"
EndProject
Project("{9A19103F-16F7-4668-BE54-9A1E7A4F7556}") = "gpconnect-appointment-checker.IntegrationTest", "gpconnect-appointment-checker.IntegrationTest\gpconnect-appointment-checker.IntegrationTest.csproj", "{23961DE7-773E-4976-974C-90EC22F8235F}"
EndProject
Project("{9A19103F-16F7-4668-BE54-9A1E7A4F7556}") = "gpconnect-appointment-checker.Helpers", "gpconnect-appointment-checker.Helpers\gpconnect-appointment-checker.Helpers.csproj", "{1004E112-CEEB-45C8-85F5-B37140AEED88}"
EndProject
Project("{9A19103F-16F7-4668-BE54-9A1E7A4F7556}") = "gpconnect-appointment-checker.Console", "gpconnect-appointment-checker.Console\gpconnect-appointment-checker.Console.csproj", "{849E7BA0-B85D-4FF8-AA9E-532CA73174F1}"
EndProject
Project("{9A19103F-16F7-4668-BE54-9A1E7A4F7556}") = "gpconnect-appointment-checker.Caching", "gpconnect-appointment-checker.Session\gpconnect-appointment-checker.Caching.csproj", "{74FF4FF2-76AB-4E46-B89D-348C87A1C33A}"
EndProject
Global
	GlobalSection(SolutionConfigurationPlatforms) = preSolution
		Debug|Any CPU = Debug|Any CPU
		Release|Any CPU = Release|Any CPU
	EndGlobalSection
	GlobalSection(ProjectConfigurationPlatforms) = postSolution
		{299D7E01-5B75-4934-AE9E-260DD25BA417}.Debug|Any CPU.ActiveCfg = Debug|Any CPU
		{299D7E01-5B75-4934-AE9E-260DD25BA417}.Debug|Any CPU.Build.0 = Debug|Any CPU
		{299D7E01-5B75-4934-AE9E-260DD25BA417}.Release|Any CPU.ActiveCfg = Release|Any CPU
		{299D7E01-5B75-4934-AE9E-260DD25BA417}.Release|Any CPU.Build.0 = Release|Any CPU
		{DB4B75B3-0E56-4107-900E-36FDC152F07D}.Debug|Any CPU.ActiveCfg = Debug|Any CPU
		{DB4B75B3-0E56-4107-900E-36FDC152F07D}.Debug|Any CPU.Build.0 = Debug|Any CPU
		{DB4B75B3-0E56-4107-900E-36FDC152F07D}.Release|Any CPU.ActiveCfg = Release|Any CPU
		{DB4B75B3-0E56-4107-900E-36FDC152F07D}.Release|Any CPU.Build.0 = Release|Any CPU
		{4FEEF429-1CC0-473B-ADAC-78C7AD899400}.Debug|Any CPU.ActiveCfg = Debug|Any CPU
		{4FEEF429-1CC0-473B-ADAC-78C7AD899400}.Debug|Any CPU.Build.0 = Debug|Any CPU
		{4FEEF429-1CC0-473B-ADAC-78C7AD899400}.Release|Any CPU.ActiveCfg = Release|Any CPU
		{4FEEF429-1CC0-473B-ADAC-78C7AD899400}.Release|Any CPU.Build.0 = Release|Any CPU
		{B83450E1-34BB-490F-9F80-9EB32D23326A}.Debug|Any CPU.ActiveCfg = Debug|Any CPU
		{B83450E1-34BB-490F-9F80-9EB32D23326A}.Debug|Any CPU.Build.0 = Debug|Any CPU
		{B83450E1-34BB-490F-9F80-9EB32D23326A}.Release|Any CPU.ActiveCfg = Release|Any CPU
		{B83450E1-34BB-490F-9F80-9EB32D23326A}.Release|Any CPU.Build.0 = Release|Any CPU
		{07753BB6-A591-4B92-BAD0-6467C8F241D4}.Debug|Any CPU.ActiveCfg = Debug|Any CPU
		{07753BB6-A591-4B92-BAD0-6467C8F241D4}.Debug|Any CPU.Build.0 = Debug|Any CPU
		{07753BB6-A591-4B92-BAD0-6467C8F241D4}.Release|Any CPU.ActiveCfg = Release|Any CPU
		{07753BB6-A591-4B92-BAD0-6467C8F241D4}.Release|Any CPU.Build.0 = Release|Any CPU
		{CE1B3B35-BD8A-4E1B-B40D-A9A9CA2F314C}.Debug|Any CPU.ActiveCfg = Debug|Any CPU
		{CE1B3B35-BD8A-4E1B-B40D-A9A9CA2F314C}.Debug|Any CPU.Build.0 = Debug|Any CPU
		{CE1B3B35-BD8A-4E1B-B40D-A9A9CA2F314C}.Release|Any CPU.ActiveCfg = Release|Any CPU
		{CE1B3B35-BD8A-4E1B-B40D-A9A9CA2F314C}.Release|Any CPU.Build.0 = Release|Any CPU
		{23961DE7-773E-4976-974C-90EC22F8235F}.Debug|Any CPU.ActiveCfg = Debug|Any CPU
		{23961DE7-773E-4976-974C-90EC22F8235F}.Debug|Any CPU.Build.0 = Debug|Any CPU
		{23961DE7-773E-4976-974C-90EC22F8235F}.Release|Any CPU.ActiveCfg = Release|Any CPU
		{23961DE7-773E-4976-974C-90EC22F8235F}.Release|Any CPU.Build.0 = Release|Any CPU
		{1004E112-CEEB-45C8-85F5-B37140AEED88}.Debug|Any CPU.ActiveCfg = Debug|Any CPU
		{1004E112-CEEB-45C8-85F5-B37140AEED88}.Debug|Any CPU.Build.0 = Debug|Any CPU
		{1004E112-CEEB-45C8-85F5-B37140AEED88}.Release|Any CPU.ActiveCfg = Release|Any CPU
		{1004E112-CEEB-45C8-85F5-B37140AEED88}.Release|Any CPU.Build.0 = Release|Any CPU
		{849E7BA0-B85D-4FF8-AA9E-532CA73174F1}.Debug|Any CPU.ActiveCfg = Debug|Any CPU
		{849E7BA0-B85D-4FF8-AA9E-532CA73174F1}.Debug|Any CPU.Build.0 = Debug|Any CPU
		{849E7BA0-B85D-4FF8-AA9E-532CA73174F1}.Release|Any CPU.ActiveCfg = Release|Any CPU
		{849E7BA0-B85D-4FF8-AA9E-532CA73174F1}.Release|Any CPU.Build.0 = Release|Any CPU
		{74FF4FF2-76AB-4E46-B89D-348C87A1C33A}.Debug|Any CPU.ActiveCfg = Debug|Any CPU
		{74FF4FF2-76AB-4E46-B89D-348C87A1C33A}.Debug|Any CPU.Build.0 = Debug|Any CPU
		{74FF4FF2-76AB-4E46-B89D-348C87A1C33A}.Release|Any CPU.ActiveCfg = Release|Any CPU
		{74FF4FF2-76AB-4E46-B89D-348C87A1C33A}.Release|Any CPU.Build.0 = Release|Any CPU
	EndGlobalSection
	GlobalSection(SolutionProperties) = preSolution
		HideSolutionNode = FALSE
	EndGlobalSection
	GlobalSection(NestedProjects) = preSolution
		{23961DE7-773E-4976-974C-90EC22F8235F} = {1CF9EC71-48D2-4F5F-BF42-AA89113AB41D}
	EndGlobalSection
	GlobalSection(ExtensibilityGlobals) = postSolution
		SolutionGuid = {BEBFC7C8-20FC-4579-AA46-11B54CBDE77F}
	EndGlobalSection
EndGlobal
